
Microsoft Visual Studio Solution File, Format Version 12.00
# Visual Studio Version 17
VisualStudioVersion = 17.2.32630.192
MinimumVisualStudioVersion = 10.0.40219.1
Project("{FAE04EC0-301F-11D3-BF4B-00C04F79EFBC}") = "SalesWeb.ASPNETCORE", "SalesWeb.ASPNETCORE\SalesWeb.ASPNETCORE.csproj", "{368BAD77-3A0A-4D73-9AC4-0068A2DACACD}"
EndProject
Global
	GlobalSection(SolutionConfigurationPlatforms) = preSolution
		Debug|Any CPU = Debug|Any CPU
		Release|Any CPU = Release|Any CPU
	EndGlobalSection
	GlobalSection(ProjectConfigurationPlatforms) = postSolution
		{368BAD77-3A0A-4D73-9AC4-0068A2DACACD}.Debug|Any CPU.ActiveCfg = Debug|Any CPU
		{368BAD77-3A0A-4D73-9AC4-0068A2DACACD}.Debug|Any CPU.Build.0 = Debug|Any CPU
		{368BAD77-3A0A-4D73-9AC4-0068A2DACACD}.Release|Any CPU.ActiveCfg = Release|Any CPU
		{368BAD77-3A0A-4D73-9AC4-0068A2DACACD}.Release|Any CPU.Build.0 = Release|Any CPU
	EndGlobalSection
	GlobalSection(SolutionProperties) = preSolution
		HideSolutionNode = FALSE
	EndGlobalSection
	GlobalSection(ExtensibilityGlobals) = postSolution
		SolutionGuid = {A3202891-72DA-41D7-BFAE-9EEF021DF623}
	EndGlobalSection
EndGlobal
